
Microsoft Visual Studio Solution File, Format Version 12.00
# Visual Studio 15
VisualStudioVersion = 15.0.28307.438
MinimumVisualStudioVersion = 10.0.40219.1
Project("{FAE04EC0-301F-11D3-BF4B-00C04F79EFBC}") = "CoachAthlete", "CoachAthlete\CoachAthlete.csproj", "{61DBAF29-37A4-4E31-AD43-B6C4420F32E1}"
EndProject
Global
	GlobalSection(SolutionConfigurationPlatforms) = preSolution
		Debug|Any CPU = Debug|Any CPU
		Release|Any CPU = Release|Any CPU
	EndGlobalSection
	GlobalSection(ProjectConfigurationPlatforms) = postSolution
		{61DBAF29-37A4-4E31-AD43-B6C4420F32E1}.Debug|Any CPU.ActiveCfg = Debug|Any CPU
		{61DBAF29-37A4-4E31-AD43-B6C4420F32E1}.Debug|Any CPU.Build.0 = Debug|Any CPU
		{61DBAF29-37A4-4E31-AD43-B6C4420F32E1}.Release|Any CPU.ActiveCfg = Release|Any CPU
		{61DBAF29-37A4-4E31-AD43-B6C4420F32E1}.Release|Any CPU.Build.0 = Release|Any CPU
	EndGlobalSection
	GlobalSection(SolutionProperties) = preSolution
		HideSolutionNode = FALSE
	EndGlobalSection
	GlobalSection(ExtensibilityGlobals) = postSolution
		SolutionGuid = {D2B10376-77E5-4B8A-AAC6-C50C1963E6A0}
	EndGlobalSection
EndGlobal
